
Microsoft Visual Studio Solution File, Format Version 12.00
# Visual Studio Version 16
VisualStudioVersion = 16.0.30114.105
MinimumVisualStudioVersion = 10.0.40219.1
Project("{FAE04EC0-301F-11D3-BF4B-00C04F79EFBC}") = "TestAutomation.CrawlerTests", "TestAutomation.CrawlerTests\TestAutomation.CrawlerTests.csproj", "{54E9CB89-D912-4255-B12E-AD3C5BDE069E}"
EndProject
Global
	GlobalSection(SolutionConfigurationPlatforms) = preSolution
		Debug|Any CPU = Debug|Any CPU
		Release|Any CPU = Release|Any CPU
	EndGlobalSection
	GlobalSection(ProjectConfigurationPlatforms) = postSolution
		{54E9CB89-D912-4255-B12E-AD3C5BDE069E}.Debug|Any CPU.ActiveCfg = Debug|Any CPU
		{54E9CB89-D912-4255-B12E-AD3C5BDE069E}.Debug|Any CPU.Build.0 = Debug|Any CPU
		{54E9CB89-D912-4255-B12E-AD3C5BDE069E}.Release|Any CPU.ActiveCfg = Release|Any CPU
		{54E9CB89-D912-4255-B12E-AD3C5BDE069E}.Release|Any CPU.Build.0 = Release|Any CPU
	EndGlobalSection
	GlobalSection(SolutionProperties) = preSolution
		HideSolutionNode = FALSE
	EndGlobalSection
	GlobalSection(ExtensibilityGlobals) = postSolution
		SolutionGuid = {898500CB-3996-41B5-8C1C-F59B3F723205}
	EndGlobalSection
EndGlobal
